
Microsoft Visual Studio Solution File, Format Version 12.00
# Visual Studio Version 17
VisualStudioVersion = 17.0.32126.317
MinimumVisualStudioVersion = 10.0.40219.1
Project("{9A19103F-16F7-4668-BE54-9A1E7A4F7556}") = "WA-XForward-Api-Test", "XForward-Api-Test\WA-XForward-Api-Test.csproj", "{DA6B2B61-C844-408C-AE6F-68492B107020}"
EndProject
Global
	GlobalSection(SolutionConfigurationPlatforms) = preSolution
		Debug|Any CPU = Debug|Any CPU
		Release|Any CPU = Release|Any CPU
	EndGlobalSection
	GlobalSection(ProjectConfigurationPlatforms) = postSolution
		{DA6B2B61-C844-408C-AE6F-68492B107020}.Debug|Any CPU.ActiveCfg = Debug|Any CPU
		{DA6B2B61-C844-408C-AE6F-68492B107020}.Debug|Any CPU.Build.0 = Debug|Any CPU
		{DA6B2B61-C844-408C-AE6F-68492B107020}.Release|Any CPU.ActiveCfg = Release|Any CPU
		{DA6B2B61-C844-408C-AE6F-68492B107020}.Release|Any CPU.Build.0 = Release|Any CPU
	EndGlobalSection
	GlobalSection(SolutionProperties) = preSolution
		HideSolutionNode = FALSE
	EndGlobalSection
	GlobalSection(ExtensibilityGlobals) = postSolution
		SolutionGuid = {4D7AD917-E02C-4C48-9A0C-D1083BA853A0}
	EndGlobalSection
EndGlobal
